
Microsoft Visual Studio Solution File, Format Version 12.00
# Visual Studio Version 16
VisualStudioVersion = 16.0.32413.511
MinimumVisualStudioVersion = 10.0.40219.1
Project("{FAE04EC0-301F-11D3-BF4B-00C04F79EFBC}") = "Demo1", "Demo1\Demo1.csproj", "{7C162AE3-49D8-45AF-A974-17C0099CC4CF}"
EndProject
Global
	GlobalSection(SolutionConfigurationPlatforms) = preSolution
		Debug|Any CPU = Debug|Any CPU
		Release|Any CPU = Release|Any CPU
	EndGlobalSection
	GlobalSection(ProjectConfigurationPlatforms) = postSolution
		{7C162AE3-49D8-45AF-A974-17C0099CC4CF}.Debug|Any CPU.ActiveCfg = Debug|Any CPU
		{7C162AE3-49D8-45AF-A974-17C0099CC4CF}.Debug|Any CPU.Build.0 = Debug|Any CPU
		{7C162AE3-49D8-45AF-A974-17C0099CC4CF}.Release|Any CPU.ActiveCfg = Release|Any CPU
		{7C162AE3-49D8-45AF-A974-17C0099CC4CF}.Release|Any CPU.Build.0 = Release|Any CPU
	EndGlobalSection
	GlobalSection(SolutionProperties) = preSolution
		HideSolutionNode = FALSE
	EndGlobalSection
	GlobalSection(ExtensibilityGlobals) = postSolution
		SolutionGuid = {C3DC3FEE-476F-4617-BB03-E3C5A794E8A4}
	EndGlobalSection
EndGlobal
